
Microsoft Visual Studio Solution File, Format Version 12.00
# Visual Studio Version 17
VisualStudioVersion = 17.8.34525.116
MinimumVisualStudioVersion = 10.0.40219.1
Project("{FAE04EC0-301F-11D3-BF4B-00C04F79EFBC}") = "BusinessManagementSystem.Api", "BusinessManagementSystem.Api\BusinessManagementSystem.Api.csproj", "{3FA99352-9129-41DF-B378-C5AEF9A727EF}"
EndProject
Global
	GlobalSection(SolutionConfigurationPlatforms) = preSolution
		Debug|Any CPU = Debug|Any CPU
		Release|Any CPU = Release|Any CPU
	EndGlobalSection
	GlobalSection(ProjectConfigurationPlatforms) = postSolution
		{3FA99352-9129-41DF-B378-C5AEF9A727EF}.Debug|Any CPU.ActiveCfg = Debug|Any CPU
		{3FA99352-9129-41DF-B378-C5AEF9A727EF}.Debug|Any CPU.Build.0 = Debug|Any CPU
		{3FA99352-9129-41DF-B378-C5AEF9A727EF}.Release|Any CPU.ActiveCfg = Release|Any CPU
		{3FA99352-9129-41DF-B378-C5AEF9A727EF}.Release|Any CPU.Build.0 = Release|Any CPU
	EndGlobalSection
	GlobalSection(SolutionProperties) = preSolution
		HideSolutionNode = FALSE
	EndGlobalSection
	GlobalSection(ExtensibilityGlobals) = postSolution
		SolutionGuid = {DA519201-F468-4C52-8910-994BCE8FEB42}
	EndGlobalSection
EndGlobal
