
Microsoft Visual Studio Solution File, Format Version 12.00
# Visual Studio Version 17
VisualStudioVersion = 17.8.34525.116
MinimumVisualStudioVersion = 10.0.40219.1
Project("{2150E333-8FDC-42A3-9474-1A3956D46DE8}") = "BusinessManagementSystem", "BusinessManagementSystem", "{C4BA855F-34C9-46DD-B76A-F29057DFE49F}"
EndProject
Project("{FAE04EC0-301F-11D3-BF4B-00C04F79EFBC}") = "BusinessManagementSystem.Api", "BusinessManagementSystem\BusinessManagementSystem.Api\BusinessManagementSystem.Api.csproj", "{9624B8CB-A754-4901-9FA3-E575F90A0F5B}"
EndProject
Project("{FAE04EC0-301F-11D3-BF4B-00C04F79EFBC}") = "BusinessManagementSystem.Service", "BusinessManagementSystem\BusinessManagementSystem.Service\BusinessManagementSystem.Service.csproj", "{4B9AA657-0CD8-49E1-BD97-342EA97D2E76}"
EndProject
Project("{FAE04EC0-301F-11D3-BF4B-00C04F79EFBC}") = "BusinessManagementSystem.Core", "BusinessManagementSystem\BusinessManagementSystem.Core\BusinessManagementSystem.Core.csproj", "{0B5BDDC5-F372-405E-838F-A6850D2A063B}"
EndProject
Global
	GlobalSection(SolutionConfigurationPlatforms) = preSolution
		Debug|Any CPU = Debug|Any CPU
		Release|Any CPU = Release|Any CPU
	EndGlobalSection
	GlobalSection(ProjectConfigurationPlatforms) = postSolution
		{9624B8CB-A754-4901-9FA3-E575F90A0F5B}.Debug|Any CPU.ActiveCfg = Debug|Any CPU
		{9624B8CB-A754-4901-9FA3-E575F90A0F5B}.Debug|Any CPU.Build.0 = Debug|Any CPU
		{9624B8CB-A754-4901-9FA3-E575F90A0F5B}.Release|Any CPU.ActiveCfg = Release|Any CPU
		{9624B8CB-A754-4901-9FA3-E575F90A0F5B}.Release|Any CPU.Build.0 = Release|Any CPU
		{4B9AA657-0CD8-49E1-BD97-342EA97D2E76}.Debug|Any CPU.ActiveCfg = Debug|Any CPU
		{4B9AA657-0CD8-49E1-BD97-342EA97D2E76}.Debug|Any CPU.Build.0 = Debug|Any CPU
		{4B9AA657-0CD8-49E1-BD97-342EA97D2E76}.Release|Any CPU.ActiveCfg = Release|Any CPU
		{4B9AA657-0CD8-49E1-BD97-342EA97D2E76}.Release|Any CPU.Build.0 = Release|Any CPU
		{0B5BDDC5-F372-405E-838F-A6850D2A063B}.Debug|Any CPU.ActiveCfg = Debug|Any CPU
		{0B5BDDC5-F372-405E-838F-A6850D2A063B}.Debug|Any CPU.Build.0 = Debug|Any CPU
		{0B5BDDC5-F372-405E-838F-A6850D2A063B}.Release|Any CPU.ActiveCfg = Release|Any CPU
		{0B5BDDC5-F372-405E-838F-A6850D2A063B}.Release|Any CPU.Build.0 = Release|Any CPU
	EndGlobalSection
	GlobalSection(SolutionProperties) = preSolution
		HideSolutionNode = FALSE
	EndGlobalSection
	GlobalSection(NestedProjects) = preSolution
		{9624B8CB-A754-4901-9FA3-E575F90A0F5B} = {C4BA855F-34C9-46DD-B76A-F29057DFE49F}
		{4B9AA657-0CD8-49E1-BD97-342EA97D2E76} = {C4BA855F-34C9-46DD-B76A-F29057DFE49F}
		{0B5BDDC5-F372-405E-838F-A6850D2A063B} = {C4BA855F-34C9-46DD-B76A-F29057DFE49F}
	EndGlobalSection
	GlobalSection(ExtensibilityGlobals) = postSolution
		SolutionGuid = {DA519201-F468-4C52-8910-994BCE8FEB42}
	EndGlobalSection
EndGlobal
